
Microsoft Visual Studio Solution File, Format Version 11.00
# Visual Studio 2010
Project("{888888A0-9F3D-457C-B088-3A5042F75D52}") = "grimdungeon", "grimdungeon.pyproj", "{FA200169-F55F-4F0D-AA3A-B04F9010ABA9}"
EndProject
Global
	GlobalSection(SolutionConfigurationPlatforms) = preSolution
		Debug|Any CPU = Debug|Any CPU
		Release|Any CPU = Release|Any CPU
	EndGlobalSection
	GlobalSection(ProjectConfigurationPlatforms) = postSolution
		{FA200169-F55F-4F0D-AA3A-B04F9010ABA9}.Debug|Any CPU.ActiveCfg = Debug|Any CPU
		{FA200169-F55F-4F0D-AA3A-B04F9010ABA9}.Release|Any CPU.ActiveCfg = Release|Any CPU
	EndGlobalSection
	GlobalSection(SolutionProperties) = preSolution
		HideSolutionNode = FALSE
	EndGlobalSection
EndGlobal
